
Microsoft Visual Studio Solution File, Format Version 12.00
# Visual Studio Version 16
VisualStudioVersion = 16.0.31205.134
MinimumVisualStudioVersion = 10.0.40219.1
Project("{FAE04EC0-301F-11D3-BF4B-00C04F79EFBC}") = "ImperialConversions", "ImperialConversions\ImperialConversions.csproj", "{97E86D58-D1AD-4105-87BC-FD04F47F41ED}"
EndProject
Global
	GlobalSection(SolutionConfigurationPlatforms) = preSolution
		Debug|Any CPU = Debug|Any CPU
		Release|Any CPU = Release|Any CPU
	EndGlobalSection
	GlobalSection(ProjectConfigurationPlatforms) = postSolution
		{97E86D58-D1AD-4105-87BC-FD04F47F41ED}.Debug|Any CPU.ActiveCfg = Debug|Any CPU
		{97E86D58-D1AD-4105-87BC-FD04F47F41ED}.Debug|Any CPU.Build.0 = Debug|Any CPU
		{97E86D58-D1AD-4105-87BC-FD04F47F41ED}.Release|Any CPU.ActiveCfg = Release|Any CPU
		{97E86D58-D1AD-4105-87BC-FD04F47F41ED}.Release|Any CPU.Build.0 = Release|Any CPU
	EndGlobalSection
	GlobalSection(SolutionProperties) = preSolution
		HideSolutionNode = FALSE
	EndGlobalSection
	GlobalSection(ExtensibilityGlobals) = postSolution
		SolutionGuid = {968761D2-129D-4DA3-9E52-DDA4CE2C9CD1}
	EndGlobalSection
EndGlobal
